{
  "name": "getwasm",
  "version": "0.2.0",
  "lockfileVersion": 3,
  "requires": true,
  "packages": {
    "": {
      "name": "getwasm",
      "version": "0.2.0",
      "license": "MIT",
      "devDependencies": {
        "ezburn": "~0.1.0",
        "typescript": "~5.8.2"
      }
    },
    "node_modules/@ezburn/darwin-arm64": {
      "version": "0.1.0",
      "resolved": "https://registry.npmjs.org/@ezburn/darwin-arm64/-/darwin-arm64-0.1.0.tgz",
      "integrity": "sha512-EtixvJRR2GZRLpyQDyWl6OQD/WkbCM3rB9tNTr6LSmkg0GV6ujfgFzFjzEMmftsmNIKw2CXXgw4drz5VS7yxVA==",
      "cpu": [
        "arm64"
      ],
      "dev": true,
      "license": "MIT",
      "optional": true,
      "os": [
        "darwin"
      ],
      "engines": {
        "node": ">=18"
      }
    },
    "node_modules/@ezburn/darwin-x64": {
      "version": "0.1.0",
      "resolved": "https://registry.npmjs.org/@ezburn/darwin-x64/-/darwin-x64-0.1.0.tgz",
      "integrity": "sha512-r2cLOALAISdxQH0h+F+f0DnyATX64L+xzBW5hZYARXqYB5PHp7DScoPQ7jfdE5gvMbe+7H9T34O3vsYNH05IuQ==",
      "cpu": [
        "x64"
      ],
      "dev": true,
      "license": "MIT",
      "optional": true,
      "os": [
        "darwin"
      ],
      "engines": {
        "node": ">=18"
      }
    },
    "node_modules/@ezburn/openbsd-arm64": {
      "version": "0.1.0",
      "resolved": "https://registry.npmjs.org/@ezburn/openbsd-arm64/-/openbsd-arm64-0.1.0.tgz",
      "integrity": "sha512-qVufWLat6mkwTaScK5Chn8fpbutvO2AiFuMzydn2GvHpw+yoGIuIGZetkPNw3aORB6mqixEVAluBaWl2+b/vdQ==",
      "cpu": [
        "arm64"
      ],
      "dev": true,
      "license": "MIT",
      "optional": true,
      "os": [
        "openbsd"
      ],
      "engines": {
        "node": ">=18"
      }
    },
    "node_modules/ezburn": {
      "version": "0.1.0",
      "resolved": "https://registry.npmjs.org/ezburn/-/ezburn-0.1.0.tgz",
      "integrity": "sha512-nHhFKnia8t2013/nJwJ8B8UDUSWJDhRzfVs++6VCVbKY2Ozvzrt5rwWE70SzYf5zh0NEMNIU/BU9Nxb8zm32xQ==",
      "dev": true,
      "hasInstallScript": true,
      "license": "MIT",
      "bin": {
        "ezburn": "bin/ezburn"
      },
      "engines": {
        "node": ">=18"
      },
      "optionalDependencies": {
        "@ezburn/aix-ppc64": "0.1.0",
        "@ezburn/android-arm": "0.1.0",
        "@ezburn/android-arm64": "0.1.0",
        "@ezburn/android-x64": "0.1.0",
        "@ezburn/darwin-arm64": "0.1.0",
        "@ezburn/darwin-x64": "0.1.0",
        "@ezburn/freebsd-arm64": "0.1.0",
        "@ezburn/freebsd-x64": "0.1.0",
        "@ezburn/linux-arm": "0.1.0",
        "@ezburn/linux-arm64": "0.1.0",
        "@ezburn/linux-ia32": "0.1.0",
        "@ezburn/linux-loong64": "0.1.0",
        "@ezburn/linux-mips64el": "0.1.0",
        "@ezburn/linux-ppc64": "0.1.0",
        "@ezburn/linux-riscv64": "0.1.0",
        "@ezburn/linux-s390x": "0.1.0",
        "@ezburn/linux-x64": "0.1.0",
        "@ezburn/netbsd-arm64": "0.1.0",
        "@ezburn/netbsd-x64": "0.1.0",
        "@ezburn/openbsd-arm64": "0.1.0",
        "@ezburn/openbsd-x64": "0.1.0",
        "@ezburn/sunos-x64": "0.1.0",
        "@ezburn/win32-arm64": "0.1.0",
        "@ezburn/win32-ia32": "0.1.0",
        "@ezburn/win32-x64": "0.1.0"
      }
    },
    "node_modules/typescript": {
      "version": "5.8.2",
      "resolved": "https://registry.npmjs.org/typescript/-/typescript-5.8.2.tgz",
      "integrity": "sha512-aJn6wq13/afZp/jT9QZmwEjDqqvSGp1VT5GVg+f/t6/oVyrgXM6BY1h9BRh/O5p3PlUPAe+WuiEZOmb/49RqoQ==",
      "dev": true,
      "license": "Apache-2.0",
      "bin": {
        "tsc": "bin/tsc",
        "tsserver": "bin/tsserver"
      },
      "engines": {
        "node": ">=14.17"
      }
    }
  }
}
